<?xml version="1.0" encoding="utf-8"?>
<Project ToolsVersion="4.0" xmlns="http://schemas.microsoft.com/developer/msbuild/2003">
  <ItemGroup>
    <Filter Include="Исходные файлы">
      <UniqueIdentifier>{4FC737F1-C7A5-4376-A066-2A32D752A2FF}</UniqueIdentifier>
      <Extensions>cpp;c;cc;cxx;c++;cppm;ixx;def;odl;idl;hpj;bat;asm;asmx</Extensions>
    </Filter>
    <Filter Include="Файлы заголовков">
      <UniqueIdentifier>{93995380-89BD-4b04-88EB-625FBE52EBFB}</UniqueIdentifier>
      <Extensions>h;hh;hpp;hxx;h++;hm;inl;inc;ipp;xsd</Extensions>
    </Filter>
    <Filter Include="Файлы ресурсов">
      <UniqueIdentifier>{67DA6AB6-F800-4c08-8B7A-83BB121AAD01}</UniqueIdentifier>
      <Extensions>rc;ico;cur;bmp;dlg;rc2;rct;bin;rgs;gif;jpg;jpeg;jpe;resx;tiff;tif;png;wav;mfcribbon-ms</Extensions>
    </Filter>
    <Filter Include="Файлы заголовков\Extensions">
      <UniqueIdentifier>{630d9ee4-88a9-4977-aed6-98269c9e1e3f}</UniqueIdentifier>
    </Filter>
    <Filter Include="Файлы заголовков\User Scripts">
      <UniqueIdentifier>{872f2b61-3cb2-4335-b88a-4f1efe3c2305}</UniqueIdentifier>
    </Filter>
    <Filter Include="Исходные файлы\Extensions">
      <UniqueIdentifier>{467f42c9-6fe8-474e-a0a3-c9882463f163}</UniqueIdentifier>
    </Filter>
    <Filter Include="Файлы ресурсов\Assets">
      <UniqueIdentifier>{281167ec-9ca9-4e9d-96e4-fc710f75358e}</UniqueIdentifier>
    </Filter>
    <Filter Include="Файлы ресурсов\Assets\egirl">
      <UniqueIdentifier>{9f4b30b4-727b-406f-b8ac-e773ec504cd8}</UniqueIdentifier>
    </Filter>
    <Filter Include="Файлы ресурсов\Assets\Cube">
      <UniqueIdentifier>{ff9787fb-50db-43bf-8fe8-016d60b697de}</UniqueIdentifier>
    </Filter>
    <Filter Include="Файлы ресурсов\DLLs">
      <UniqueIdentifier>{8e4e6876-a80b-4e21-9762-876cb17a09d4}</UniqueIdentifier>
    </Filter>
    <Filter Include="Файлы ресурсов\Assets\Old Shaders">
      <UniqueIdentifier>{13e2a2f9-7220-4b74-a7e2-49019b15ab16}</UniqueIdentifier>
    </Filter>
    <Filter Include="Файлы ресурсов\Assets\Sphere">
      <UniqueIdentifier>{23e1c6f6-100b-4e76-9e71-992a93f2e158}</UniqueIdentifier>
    </Filter>
  </ItemGroup>
  <ItemGroup>
    <ClCompile Include="Main.cpp">
      <Filter>Исходные файлы</Filter>
    </ClCompile>
    <ClCompile Include="Application.cpp">
      <Filter>Исходные файлы</Filter>
    </ClCompile>
    <ClCompile Include="Scene.cpp">
      <Filter>Исходные файлы</Filter>
    </ClCompile>
    <ClCompile Include="Framebuffers.cpp">
      <Filter>Исходные файлы</Filter>
    </ClCompile>
    <ClCompile Include="Shader.cpp">
      <Filter>Исходные файлы</Filter>
    </ClCompile>
    <ClCompile Include="Texture.cpp">
      <Filter>Исходные файлы</Filter>
    </ClCompile>
    <ClCompile Include="Asset.cpp">
      <Filter>Исходные файлы</Filter>
    </ClCompile>
    <ClCompile Include="Mesh.cpp">
      <Filter>Исходные файлы</Filter>
    </ClCompile>
    <ClCompile Include="Transform.cpp">
      <Filter>Исходные файлы</Filter>
    </ClCompile>
    <ClCompile Include="GameObject.cpp">
      <Filter>Исходные файлы</Filter>
    </ClCompile>
    <ClCompile Include="Material.cpp">
      <Filter>Исходные файлы</Filter>
    </ClCompile>
    <ClCompile Include="Component.cpp">
      <Filter>Исходные файлы</Filter>
    </ClCompile>
    <ClCompile Include="StaticMeshComponent.cpp">
      <Filter>Исходные файлы</Filter>
    </ClCompile>
    <ClCompile Include="IPhysicComponent.cpp">
      <Filter>Исходные файлы</Filter>
    </ClCompile>
    <ClCompile Include="ActorComponent.cpp">
      <Filter>Исходные файлы</Filter>
    </ClCompile>
    <ClCompile Include="InputMap.cpp">
      <Filter>Исходные файлы</Filter>
    </ClCompile>
    <ClCompile Include="CameraComponent.cpp">
      <Filter>Исходные файлы</Filter>
    </ClCompile>
    <ClCompile Include="GLCheckError.cpp">
      <Filter>Исходные файлы</Filter>
    </ClCompile>
    <ClCompile Include="Model.cpp">
      <Filter>Исходные файлы</Filter>
    </ClCompile>
    <ClCompile Include="LightComponent.cpp">
      <Filter>Исходные файлы</Filter>
    </ClCompile>
    <ClCompile Include="CreateCanvasMesh.cpp">
      <Filter>Исходные файлы\Extensions</Filter>
    </ClCompile>
    <ClCompile Include="RenderPipeline.cpp">
      <Filter>Исходные файлы</Filter>
    </ClCompile>
    <ClCompile Include="DefferedRenderPipeline.cpp">
      <Filter>Исходные файлы</Filter>
    </ClCompile>
  </ItemGroup>
  <ItemGroup>
    <ClInclude Include="Application.h">
      <Filter>Файлы заголовков</Filter>
    </ClInclude>
    <ClInclude Include="TEvent.h">
      <Filter>Файлы заголовков\Extensions</Filter>
    </ClInclude>
    <ClInclude Include="Scene.h">
      <Filter>Файлы заголовков</Filter>
    </ClInclude>
    <ClInclude Include="Framebuffers.h">
      <Filter>Файлы заголовков</Filter>
    </ClInclude>
    <ClInclude Include="Shader.h">
      <Filter>Файлы заголовков</Filter>
    </ClInclude>
    <ClInclude Include="Texture.h">
      <Filter>Файлы заголовков</Filter>
    </ClInclude>
    <ClInclude Include="Asset.h">
      <Filter>Файлы заголовков</Filter>
    </ClInclude>
    <ClInclude Include="Mesh.h">
      <Filter>Файлы заголовков</Filter>
    </ClInclude>
    <ClInclude Include="Transform.h">
      <Filter>Файлы заголовков</Filter>
    </ClInclude>
    <ClInclude Include="GameObject.h">
      <Filter>Файлы заголовков</Filter>
    </ClInclude>
    <ClInclude Include="Material.h">
      <Filter>Файлы заголовков</Filter>
    </ClInclude>
    <ClInclude Include="Component.h">
      <Filter>Файлы заголовков</Filter>
    </ClInclude>
    <ClInclude Include="StaticMeshComponent.h">
      <Filter>Файлы заголовков</Filter>
    </ClInclude>
    <ClInclude Include="IPhysicComponent.h">
      <Filter>Файлы заголовков</Filter>
    </ClInclude>
    <ClInclude Include="ActorComponent.h">
      <Filter>Файлы заголовков</Filter>
    </ClInclude>
    <ClInclude Include="CameraMovingScript.h">
      <Filter>Файлы заголовков\User Scripts</Filter>
    </ClInclude>
    <ClInclude Include="InputMap.h">
      <Filter>Файлы заголовков</Filter>
    </ClInclude>
    <ClInclude Include="CameraComponent.h">
      <Filter>Файлы заголовков</Filter>
    </ClInclude>
    <ClInclude Include="CreateCanvasMesh.h">
      <Filter>Файлы заголовков\Extensions</Filter>
    </ClInclude>
    <ClInclude Include="GLCheckError.h">
      <Filter>Файлы заголовков</Filter>
    </ClInclude>
    <ClInclude Include="Model.h">
      <Filter>Файлы заголовков</Filter>
    </ClInclude>
    <ClInclude Include="LightComponent.h">
      <Filter>Файлы заголовков</Filter>
    </ClInclude>
    <ClInclude Include="RenderPipeline.h">
      <Filter>Файлы заголовков</Filter>
    </ClInclude>
    <ClInclude Include="resource.h">
      <Filter>Файлы заголовков</Filter>
    </ClInclude>
    <ClInclude Include="DefferedRenderPipeline.h">
      <Filter>Файлы заголовков</Filter>
    </ClInclude>
    <ClInclude Include="ComponentLocator.h">
      <Filter>Файлы заголовков</Filter>
    </ClInclude>
    <ClInclude Include="RotateScript.h">
      <Filter>Файлы заголовков\User Scripts</Filter>
    </ClInclude>
  </ItemGroup>
  <ItemGroup>
    <None Include="Assets\config.cfg">
      <Filter>Файлы ресурсов\Assets</Filter>
    </None>
    <None Include="Assets\DefaultFragment.glsl">
      <Filter>Файлы ресурсов\Assets</Filter>
    </None>
    <None Include="Assets\DefaultLit.shader">
      <Filter>Файлы ресурсов\Assets</Filter>
    </None>
    <None Include="Assets\DefaultVertex.glsl">
      <Filter>Файлы ресурсов\Assets</Filter>
    </None>
    <None Include="Assets\DepthDebug.glsl">
      <Filter>Файлы ресурсов\Assets</Filter>
    </None>
    <None Include="Assets\FragmentSimple.glsl">
      <Filter>Файлы ресурсов\Assets</Filter>
    </None>
    <None Include="Assets\Light.shader">
      <Filter>Файлы ресурсов\Assets</Filter>
    </None>
    <None Include="Assets\LightDirect.shader">
      <Filter>Файлы ресурсов\Assets</Filter>
    </None>
    <None Include="Assets\LightDirectFragment.glsl">
      <Filter>Файлы ресурсов\Assets</Filter>
    </None>
    <None Include="Assets\LightDirectVertex.glsl">
      <Filter>Файлы ресурсов\Assets</Filter>
    </None>
    <None Include="Assets\LightFragment.glsl">
      <Filter>Файлы ресурсов\Assets</Filter>
    </None>
    <None Include="Assets\LightVertex.glsl">
      <Filter>Файлы ресурсов\Assets</Filter>
    </None>
    <None Include="Assets\PostProcessFragment.glsl">
      <Filter>Файлы ресурсов\Assets</Filter>
    </None>
    <None Include="Assets\PostProcessVertex.glsl">
      <Filter>Файлы ресурсов\Assets</Filter>
    </None>
    <None Include="Assets\Screen.shader">
      <Filter>Файлы ресурсов\Assets</Filter>
    </None>
    <None Include="Assets\ScreenFragment.glsl">
      <Filter>Файлы ресурсов\Assets</Filter>
    </None>
    <None Include="Assets\Shadow.shader">
      <Filter>Файлы ресурсов\Assets</Filter>
    </None>
    <None Include="Assets\ShadowDirect.shader">
      <Filter>Файлы ресурсов\Assets</Filter>
    </None>
    <None Include="Assets\ShadowFragment.glsl">
      <Filter>Файлы ресурсов\Assets</Filter>
    </None>
    <None Include="Assets\ShadowFragmentDirect.glsl">
      <Filter>Файлы ресурсов\Assets</Filter>
    </None>
    <None Include="Assets\ShadowGeometry.glsl">
      <Filter>Файлы ресурсов\Assets</Filter>
    </None>
    <None Include="Assets\ShadowVertex.glsl">
      <Filter>Файлы ресурсов\Assets</Filter>
    </None>
    <None Include="Assets\ShadowVertexDirect.glsl">
      <Filter>Файлы ресурсов\Assets</Filter>
    </None>
    <None Include="Assets\UnionFragment.glsl">
      <Filter>Файлы ресурсов\Assets</Filter>
    </None>
    <None Include="Assets\UnionVertex.glsl">
      <Filter>Файлы ресурсов\Assets</Filter>
    </None>
    <None Include="Assets\VertexSimple.glsl">
      <Filter>Файлы ресурсов\Assets</Filter>
    </None>
    <None Include="Assets\egirl\egirl.mtl">
      <Filter>Файлы ресурсов\Assets\egirl</Filter>
    </None>
    <None Include="Assets\Cube\simpleCube.fbx">
      <Filter>Файлы ресурсов\Assets\Cube</Filter>
    </None>
    <None Include="x64\Release\App\assimp-vc143-mt.dll">
      <Filter>Файлы ресурсов\DLLs</Filter>
    </None>
    <None Include="x64\Release\App\glew32.dll">
      <Filter>Файлы ресурсов\DLLs</Filter>
    </None>
    <None Include="x64\Release\App\PhysX_64.dll">
      <Filter>Файлы ресурсов\DLLs</Filter>
    </None>
    <None Include="x64\Release\App\PhysXCommon_64.dll">
      <Filter>Файлы ресурсов\DLLs</Filter>
    </None>
    <None Include="x64\Release\App\PhysXCooking_64.dll">
      <Filter>Файлы ресурсов\DLLs</Filter>
    </None>
    <None Include="x64\Release\App\PhysXDevice64.dll">
      <Filter>Файлы ресурсов\DLLs</Filter>
    </None>
    <None Include="x64\Release\App\PhysXFoundation_64.dll">
      <Filter>Файлы ресурсов\DLLs</Filter>
    </None>
    <None Include="x64\Release\App\PhysXGpu_64.dll">
      <Filter>Файлы ресурсов\DLLs</Filter>
    </None>
    <None Include="Assets\Old Shaders\DepthDebug.glsl">
      <Filter>Файлы ресурсов\Assets\Old Shaders</Filter>
    </None>
    <None Include="Assets\Old Shaders\FragmentSimple.glsl">
      <Filter>Файлы ресурсов\Assets\Old Shaders</Filter>
    </None>
    <None Include="Assets\Old Shaders\Light.shader">
      <Filter>Файлы ресурсов\Assets\Old Shaders</Filter>
    </None>
    <None Include="Assets\Old Shaders\LightDirect.shader">
      <Filter>Файлы ресурсов\Assets\Old Shaders</Filter>
    </None>
    <None Include="Assets\Old Shaders\LightDirectFragment.glsl">
      <Filter>Файлы ресурсов\Assets\Old Shaders</Filter>
    </None>
    <None Include="Assets\Old Shaders\LightDirectVertex.glsl">
      <Filter>Файлы ресурсов\Assets\Old Shaders</Filter>
    </None>
    <None Include="Assets\Old Shaders\LightFragment.glsl">
      <Filter>Файлы ресурсов\Assets\Old Shaders</Filter>
    </None>
    <None Include="Assets\Old Shaders\LightVertex.glsl">
      <Filter>Файлы ресурсов\Assets\Old Shaders</Filter>
    </None>
    <None Include="Assets\Old Shaders\Shadow.shader">
      <Filter>Файлы ресурсов\Assets\Old Shaders</Filter>
    </None>
    <None Include="Assets\Old Shaders\ShadowDirect.shader">
      <Filter>Файлы ресурсов\Assets\Old Shaders</Filter>
    </None>
    <None Include="Assets\Old Shaders\ShadowFragment.glsl">
      <Filter>Файлы ресурсов\Assets\Old Shaders</Filter>
    </None>
    <None Include="Assets\Old Shaders\ShadowFragmentDirect.glsl">
      <Filter>Файлы ресурсов\Assets\Old Shaders</Filter>
    </None>
    <None Include="Assets\Old Shaders\ShadowGeometry.glsl">
      <Filter>Файлы ресурсов\Assets\Old Shaders</Filter>
    </None>
    <None Include="Assets\Old Shaders\ShadowVertex.glsl">
      <Filter>Файлы ресурсов\Assets\Old Shaders</Filter>
    </None>
    <None Include="Assets\Old Shaders\ShadowVertexDirect.glsl">
      <Filter>Файлы ресурсов\Assets\Old Shaders</Filter>
    </None>
    <None Include="Assets\Sphere\simpleSphere.fbx">
      <Filter>Файлы ресурсов\Assets\Sphere</Filter>
    </None>
    <None Include="Assets\Old Shaders\AAShadow.vs">
      <Filter>Файлы ресурсов\Assets\Old Shaders</Filter>
    </None>
    <None Include="Assets\Old Shaders\AAShadow.fs">
      <Filter>Файлы ресурсов\Assets\Old Shaders</Filter>
    </None>
    <None Include="Assets\Old Shaders\AAShadow.shader">
      <Filter>Файлы ресурсов\Assets\Old Shaders</Filter>
    </None>
  </ItemGroup>
  <ItemGroup>
    <Text Include="Assets\InputMap.txt">
      <Filter>Файлы ресурсов\Assets</Filter>
    </Text>
    <Text Include="Assets\PostProcessShader.txt">
      <Filter>Файлы ресурсов\Assets</Filter>
    </Text>
    <Text Include="Assets\ShaderSimple.txt">
      <Filter>Файлы ресурсов\Assets</Filter>
    </Text>
    <Text Include="Assets\UnionShader.txt">
      <Filter>Файлы ресурсов\Assets</Filter>
    </Text>
  </ItemGroup>
  <ItemGroup>
    <Image Include="Assets\sample.png">
      <Filter>Файлы ресурсов\Assets</Filter>
    </Image>
    <Image Include="Assets\egirl\Tak berjudul146_20220319165314.png">
      <Filter>Файлы ресурсов\Assets\egirl</Filter>
    </Image>
    <Image Include="Assets\egirl\wanwan_high05_d2.png">
      <Filter>Файлы ресурсов\Assets\egirl</Filter>
    </Image>
  </ItemGroup>
  <ItemGroup>
    <Object Include="Assets\egirl\egirl.obj">
      <Filter>Файлы ресурсов\Assets\egirl</Filter>
    </Object>
  </ItemGroup>
</Project>